
Microsoft Visual Studio Solution File, Format Version 12.00
# Visual Studio 15
VisualStudioVersion = 15.0.28010.2046
MinimumVisualStudioVersion = 10.0.40219.1
Project("{F184B08F-C81C-45F6-A57F-5ABD9991F28F}") = "tp3_food_delivery", "tp3_food_delivery\tp3_food_delivery.vbproj", "{EF0E8082-A5A2-49E2-A060-121FE02AF274}"
EndProject
Global
	GlobalSection(SolutionConfigurationPlatforms) = preSolution
		Debug|Any CPU = Debug|Any CPU
		Release|Any CPU = Release|Any CPU
	EndGlobalSection
	GlobalSection(ProjectConfigurationPlatforms) = postSolution
		{EF0E8082-A5A2-49E2-A060-121FE02AF274}.Debug|Any CPU.ActiveCfg = Debug|Any CPU
		{EF0E8082-A5A2-49E2-A060-121FE02AF274}.Debug|Any CPU.Build.0 = Debug|Any CPU
		{EF0E8082-A5A2-49E2-A060-121FE02AF274}.Release|Any CPU.ActiveCfg = Release|Any CPU
		{EF0E8082-A5A2-49E2-A060-121FE02AF274}.Release|Any CPU.Build.0 = Release|Any CPU
	EndGlobalSection
	GlobalSection(SolutionProperties) = preSolution
		HideSolutionNode = FALSE
	EndGlobalSection
	GlobalSection(ExtensibilityGlobals) = postSolution
		SolutionGuid = {E075354F-F437-49C7-8E45-A5E11C476CF2}
	EndGlobalSection
EndGlobal
